
Microsoft Visual Studio Solution File, Format Version 12.00
# Visual Studio Version 16
VisualStudioVersion = 16.0.30717.126
MinimumVisualStudioVersion = 10.0.40219.1
Project("{FAE04EC0-301F-11D3-BF4B-00C04F79EFBC}") = "BackEndAPI_Service", "BackEndAPI_Service\BackEndAPI_Service.csproj", "{C080190F-C481-4B0F-9167-EB07894E53F2}"
EndProject
Global
	GlobalSection(SolutionConfigurationPlatforms) = preSolution
		Debug|Any CPU = Debug|Any CPU
		Release|Any CPU = Release|Any CPU
	EndGlobalSection
	GlobalSection(ProjectConfigurationPlatforms) = postSolution
		{C080190F-C481-4B0F-9167-EB07894E53F2}.Debug|Any CPU.ActiveCfg = Debug|Any CPU
		{C080190F-C481-4B0F-9167-EB07894E53F2}.Debug|Any CPU.Build.0 = Debug|Any CPU
		{C080190F-C481-4B0F-9167-EB07894E53F2}.Release|Any CPU.ActiveCfg = Release|Any CPU
		{C080190F-C481-4B0F-9167-EB07894E53F2}.Release|Any CPU.Build.0 = Release|Any CPU
	EndGlobalSection
	GlobalSection(SolutionProperties) = preSolution
		HideSolutionNode = FALSE
	EndGlobalSection
	GlobalSection(ExtensibilityGlobals) = postSolution
		SolutionGuid = {5A49E250-3045-4903-BE52-588D1E23B05F}
	EndGlobalSection
EndGlobal
